
Microsoft Visual Studio Solution File, Format Version 12.00
# Visual Studio Version 17
VisualStudioVersion = 17.10.35122.118
MinimumVisualStudioVersion = 10.0.40219.1
Project("{FAE04EC0-301F-11D3-BF4B-00C04F79EFBC}") = "MauiEventTriggerIssue", "MauiEventTriggerIssue\MauiEventTriggerIssue.csproj", "{E6207E3C-E479-45A3-99A6-E1D5B54F4D3A}"
EndProject
Global
	GlobalSection(SolutionConfigurationPlatforms) = preSolution
		Debug|Any CPU = Debug|Any CPU
		Release|Any CPU = Release|Any CPU
	EndGlobalSection
	GlobalSection(ProjectConfigurationPlatforms) = postSolution
		{E6207E3C-E479-45A3-99A6-E1D5B54F4D3A}.Debug|Any CPU.ActiveCfg = Debug|Any CPU
		{E6207E3C-E479-45A3-99A6-E1D5B54F4D3A}.Debug|Any CPU.Build.0 = Debug|Any CPU
		{E6207E3C-E479-45A3-99A6-E1D5B54F4D3A}.Debug|Any CPU.Deploy.0 = Debug|Any CPU
		{E6207E3C-E479-45A3-99A6-E1D5B54F4D3A}.Release|Any CPU.ActiveCfg = Release|Any CPU
		{E6207E3C-E479-45A3-99A6-E1D5B54F4D3A}.Release|Any CPU.Build.0 = Release|Any CPU
		{E6207E3C-E479-45A3-99A6-E1D5B54F4D3A}.Release|Any CPU.Deploy.0 = Release|Any CPU
	EndGlobalSection
	GlobalSection(SolutionProperties) = preSolution
		HideSolutionNode = FALSE
	EndGlobalSection
	GlobalSection(ExtensibilityGlobals) = postSolution
		SolutionGuid = {D9D74EE0-9087-4123-98A1-43CBCE506CA4}
	EndGlobalSection
EndGlobal
